
Microsoft Visual Studio Solution File, Format Version 12.00
# Visual Studio 15
VisualStudioVersion = 15.0.28307.329
MinimumVisualStudioVersion = 10.0.40219.1
Project("{8BC9CEB8-8B4A-11D0-8D11-00A0C91BC942}") = "MidtermCSC252", "MidtermCSC252\MidtermCSC252.vcxproj", "{9720AE7D-8A89-48BF-9F66-7CA9AAAB1452}"
EndProject
Global
	GlobalSection(SolutionConfigurationPlatforms) = preSolution
		Debug|x64 = Debug|x64
		Debug|x86 = Debug|x86
		Release|x64 = Release|x64
		Release|x86 = Release|x86
	EndGlobalSection
	GlobalSection(ProjectConfigurationPlatforms) = postSolution
		{9720AE7D-8A89-48BF-9F66-7CA9AAAB1452}.Debug|x64.ActiveCfg = Debug|x64
		{9720AE7D-8A89-48BF-9F66-7CA9AAAB1452}.Debug|x64.Build.0 = Debug|x64
		{9720AE7D-8A89-48BF-9F66-7CA9AAAB1452}.Debug|x86.ActiveCfg = Debug|Win32
		{9720AE7D-8A89-48BF-9F66-7CA9AAAB1452}.Debug|x86.Build.0 = Debug|Win32
		{9720AE7D-8A89-48BF-9F66-7CA9AAAB1452}.Release|x64.ActiveCfg = Release|x64
		{9720AE7D-8A89-48BF-9F66-7CA9AAAB1452}.Release|x64.Build.0 = Release|x64
		{9720AE7D-8A89-48BF-9F66-7CA9AAAB1452}.Release|x86.ActiveCfg = Release|Win32
		{9720AE7D-8A89-48BF-9F66-7CA9AAAB1452}.Release|x86.Build.0 = Release|Win32
	EndGlobalSection
	GlobalSection(SolutionProperties) = preSolution
		HideSolutionNode = FALSE
	EndGlobalSection
	GlobalSection(ExtensibilityGlobals) = postSolution
		SolutionGuid = {534FA12A-FC49-4220-B5F4-D608D380A609}
	EndGlobalSection
EndGlobal
